
Microsoft Visual Studio Solution File, Format Version 12.00
# Visual Studio 2017
Project("{FAE04EC0-301F-11D3-BF4B-00C04F79EFBC}") = "MyUnityProject", "MyUnityProject.csproj", "{DE040417-5AFB-9A00-5B04-729A203E23BB}"
EndProject
Global
	GlobalSection(SolutionConfigurationPlatforms) = preSolution
		Debug|Any CPU = Debug|Any CPU
		Release|Any CPU = Release|Any CPU
	EndGlobalSection
	GlobalSection(ProjectConfigurationPlatforms) = postSolution
		{DE040417-5AFB-9A00-5B04-729A203E23BB}.Debug|Any CPU.ActiveCfg = Debug|Any CPU
		{DE040417-5AFB-9A00-5B04-729A203E23BB}.Debug|Any CPU.Build.0 = Debug|Any CPU
		{DE040417-5AFB-9A00-5B04-729A203E23BB}.Release|Any CPU.ActiveCfg = Release|Any CPU
		{DE040417-5AFB-9A00-5B04-729A203E23BB}.Release|Any CPU.Build.0 = Release|Any CPU
	EndGlobalSection
	GlobalSection(SolutionProperties) = preSolution
		HideSolutionNode = FALSE
	EndGlobalSection
EndGlobal
